
Microsoft Visual Studio Solution File, Format Version 12.00
# Visual Studio 14
VisualStudioVersion = 14.0.25420.1
MinimumVisualStudioVersion = 10.0.40219.1
Project("{8BC9CEB8-8B4A-11D0-8D11-00A0C91BC942}") = "GenererFichier", "GenererFichier\GenererFichier.vcxproj", "{ABEC258C-7D0D-45A7-8F19-01AC56BEFC40}"
EndProject
Project("{2150E333-8FDC-42A3-9474-1A3956D46DE8}") = "Solution Items", "Solution Items", "{94DD1CF6-F700-4B95-A8AF-2CC6726E5FC1}"
	ProjectSection(SolutionItems) = preProject
		GenererFichier\generer_fichierTxtEmp.cpp = GenererFichier\generer_fichierTxtEmp.cpp
	EndProjectSection
EndProject
Global
	GlobalSection(SolutionConfigurationPlatforms) = preSolution
		Debug|x64 = Debug|x64
		Debug|x86 = Debug|x86
		Release|x64 = Release|x64
		Release|x86 = Release|x86
	EndGlobalSection
	GlobalSection(ProjectConfigurationPlatforms) = postSolution
		{ABEC258C-7D0D-45A7-8F19-01AC56BEFC40}.Debug|x64.ActiveCfg = Debug|x64
		{ABEC258C-7D0D-45A7-8F19-01AC56BEFC40}.Debug|x64.Build.0 = Debug|x64
		{ABEC258C-7D0D-45A7-8F19-01AC56BEFC40}.Debug|x86.ActiveCfg = Debug|Win32
		{ABEC258C-7D0D-45A7-8F19-01AC56BEFC40}.Debug|x86.Build.0 = Debug|Win32
		{ABEC258C-7D0D-45A7-8F19-01AC56BEFC40}.Release|x64.ActiveCfg = Release|x64
		{ABEC258C-7D0D-45A7-8F19-01AC56BEFC40}.Release|x64.Build.0 = Release|x64
		{ABEC258C-7D0D-45A7-8F19-01AC56BEFC40}.Release|x86.ActiveCfg = Release|Win32
		{ABEC258C-7D0D-45A7-8F19-01AC56BEFC40}.Release|x86.Build.0 = Release|Win32
	EndGlobalSection
	GlobalSection(SolutionProperties) = preSolution
		HideSolutionNode = FALSE
	EndGlobalSection
EndGlobal
